# This file is generated by running "yarn install" inside your project.
# Manual changes might be lost - proceed with caution!

__metadata:
  version: 8
  cacheKey: 10

"@openremote/model@npm:1.2.0-snapshot.20240504162123, @openremote/model@npm:^1.2.0-snapshot":
  version: 1.2.0-snapshot.20240504162123
  resolution: "@openremote/model@npm:1.2.0-snapshot.20240504162123"
  checksum: 10/ad9ab5e4a4b56e263d0d360f1f0c82a15d71e605d5d2788b0538e066f7f1f1152ab9a62727af3e11ccc8c5beba12d4172ea0ec246b6f454957d0e05b5be2c5e2
  languageName: node
  linkType: hard

"@openremote/rest@npm:^1.2.0-snapshot":
  version: 1.2.0-snapshot.20240504162123
  resolution: "@openremote/rest@npm:1.2.0-snapshot.20240504162123"
  dependencies:
    "@openremote/model": "npm:1.2.0-snapshot.20240504162123"
    axios: "npm:0.24.0"
    qs: "npm:^6.8.0"
  checksum: 10/912c217eace589a58a3386e2dceea2d7caae9cc57f28c6a8b2a594ec6496edc8fb9b02e3cea3fa8ff31f690752da9ad1eef9099c961234bc5030210facfad4ec
  languageName: node
  linkType: hard

"@openremote/util@npm:^1.2.0-snapshot":
  version: 1.2.0-snapshot.20240504162123
  resolution: "@openremote/util@npm:1.2.0-snapshot.20240504162123"
  bin:
    orutil: ./cli.js
  checksum: 10/149e7cbf710911b9b5b5004703f111e7927693f8ec56217265d779138e87765187d85c0a14736f962b377594ab400d99c354689f1c576958b0124354a98572b4
  languageName: node
  linkType: hard

"@types/qs@npm:^6.9.7":
  version: 6.9.15
  resolution: "@types/qs@npm:6.9.15"
  checksum: 10/97d8208c2b82013b618e7a9fc14df6bd40a73e1385ac479b6896bafc7949a46201c15f42afd06e86a05e914f146f495f606b6fb65610cc60cf2e0ff743ec38a2
  languageName: node
  linkType: hard

"axios@npm:0.24.0":
  version: 0.24.0
  resolution: "axios@npm:0.24.0"
  dependencies:
    follow-redirects: "npm:^1.14.4"
  checksum: 10/4c5a7a5a45c909b4ce73fbf54b1fbc52a2290fc37cc51e64f8ef2ba8ac5f76a2e369a08ddfd7ec50317528d5aa55f5987cc56fb320923ef87e1b87f8ff05b5ba
  languageName: node
  linkType: hard

"call-bind@npm:^1.0.7":
  version: 1.0.7
  resolution: "call-bind@npm:1.0.7"
  dependencies:
    es-define-property: "npm:^1.0.0"
    es-errors: "npm:^1.3.0"
    function-bind: "npm:^1.1.2"
    get-intrinsic: "npm:^1.2.4"
    set-function-length: "npm:^1.2.1"
  checksum: 10/cd6fe658e007af80985da5185bff7b55e12ef4c2b6f41829a26ed1eef254b1f1c12e3dfd5b2b068c6ba8b86aba62390842d81752e67dcbaec4f6f76e7113b6b7
  languageName: node
  linkType: hard

"define-data-property@npm:^1.1.4":
  version: 1.1.4
  resolution: "define-data-property@npm:1.1.4"
  dependencies:
    es-define-property: "npm:^1.0.0"
    es-errors: "npm:^1.3.0"
    gopd: "npm:^1.0.1"
  checksum: 10/abdcb2505d80a53524ba871273e5da75e77e52af9e15b3aa65d8aad82b8a3a424dad7aee2cc0b71470ac7acf501e08defac362e8b6a73cdb4309f028061df4ae
  languageName: node
  linkType: hard

"es-define-property@npm:^1.0.0":
  version: 1.0.0
  resolution: "es-define-property@npm:1.0.0"
  dependencies:
    get-intrinsic: "npm:^1.2.4"
  checksum: 10/f66ece0a887b6dca71848fa71f70461357c0e4e7249696f81bad0a1f347eed7b31262af4a29f5d726dc026426f085483b6b90301855e647aa8e21936f07293c6
  languageName: node
  linkType: hard

"es-errors@npm:^1.3.0":
  version: 1.3.0
  resolution: "es-errors@npm:1.3.0"
  checksum: 10/96e65d640156f91b707517e8cdc454dd7d47c32833aa3e85d79f24f9eb7ea85f39b63e36216ef0114996581969b59fe609a94e30316b08f5f4df1d44134cf8d5
  languageName: node
  linkType: hard

"follow-redirects@npm:^1.14.4":
  version: 1.15.6
  resolution: "follow-redirects@npm:1.15.6"
  peerDependenciesMeta:
    debug:
      optional: true
  checksum: 10/70c7612c4cab18e546e36b991bbf8009a1a41cf85354afe04b113d1117569abf760269409cb3eb842d9f7b03d62826687086b081c566ea7b1e6613cf29030bf7
  languageName: node
  linkType: hard

"function-bind@npm:^1.1.2":
  version: 1.1.2
  resolution: "function-bind@npm:1.1.2"
  checksum: 10/185e20d20f10c8d661d59aac0f3b63b31132d492e1b11fcc2a93cb2c47257ebaee7407c38513efd2b35cafdf972d9beb2ea4593c1e0f3bf8f2744836928d7454
  languageName: node
  linkType: hard

"get-intrinsic@npm:^1.1.3, get-intrinsic@npm:^1.2.4":
  version: 1.2.4
  resolution: "get-intrinsic@npm:1.2.4"
  dependencies:
    es-errors: "npm:^1.3.0"
    function-bind: "npm:^1.1.2"
    has-proto: "npm:^1.0.1"
    has-symbols: "npm:^1.0.3"
    hasown: "npm:^2.0.0"
  checksum: 10/85bbf4b234c3940edf8a41f4ecbd4e25ce78e5e6ad4e24ca2f77037d983b9ef943fd72f00f3ee97a49ec622a506b67db49c36246150377efcda1c9eb03e5f06d
  languageName: node
  linkType: hard

"gopd@npm:^1.0.1":
  version: 1.0.1
  resolution: "gopd@npm:1.0.1"
  dependencies:
    get-intrinsic: "npm:^1.1.3"
  checksum: 10/5fbc7ad57b368ae4cd2f41214bd947b045c1a4be2f194a7be1778d71f8af9dbf4004221f3b6f23e30820eb0d052b4f819fe6ebe8221e2a3c6f0ee4ef173421ca
  languageName: node
  linkType: hard

"has-property-descriptors@npm:^1.0.2":
  version: 1.0.2
  resolution: "has-property-descriptors@npm:1.0.2"
  dependencies:
    es-define-property: "npm:^1.0.0"
  checksum: 10/2d8c9ab8cebb572e3362f7d06139a4592105983d4317e68f7adba320fe6ddfc8874581e0971e899e633fd5f72e262830edce36d5a0bc863dad17ad20572484b2
  languageName: node
  linkType: hard

"has-proto@npm:^1.0.1":
  version: 1.0.3
  resolution: "has-proto@npm:1.0.3"
  checksum: 10/0b67c2c94e3bea37db3e412e3c41f79d59259875e636ba471e94c009cdfb1fa82bf045deeffafc7dbb9c148e36cae6b467055aaa5d9fad4316e11b41e3ba551a
  languageName: node
  linkType: hard

"has-symbols@npm:^1.0.3":
  version: 1.0.3
  resolution: "has-symbols@npm:1.0.3"
  checksum: 10/464f97a8202a7690dadd026e6d73b1ceeddd60fe6acfd06151106f050303eaa75855aaa94969df8015c11ff7c505f196114d22f7386b4a471038da5874cf5e9b
  languageName: node
  linkType: hard

"hasown@npm:^2.0.0":
  version: 2.0.2
  resolution: "hasown@npm:2.0.2"
  dependencies:
    function-bind: "npm:^1.1.2"
  checksum: 10/7898a9c1788b2862cf0f9c345a6bec77ba4a0c0983c7f19d610c382343d4f98fa260686b225dfb1f88393a66679d2ec58ee310c1d6868c081eda7918f32cc70a
  languageName: node
  linkType: hard

"model@workspace:ui/component/model":
  version: 0.0.0-use.local
  resolution: "model@workspace:ui/component/model"
  dependencies:
    "@openremote/util": "npm:^1.2.0-snapshot"
  languageName: unknown
  linkType: soft

"object-inspect@npm:^1.13.1":
  version: 1.13.1
  resolution: "object-inspect@npm:1.13.1"
  checksum: 10/92f4989ed83422d56431bc39656d4c780348eb15d397ce352ade6b7fec08f973b53744bd41b94af021901e61acaf78fcc19e65bf464ecc0df958586a672700f0
  languageName: node
  linkType: hard

"qs@npm:^6.8.0":
  version: 6.12.1
  resolution: "qs@npm:6.12.1"
  dependencies:
    side-channel: "npm:^1.0.6"
  checksum: 10/035bcad2a1ab0175bac7a74c904c15913bdac252834149ccff988c93a51de02642fe7be10e43058ba4dc4094bb28ce9b59d12b9e91d40997f445cfde3ecc1c29
  languageName: node
  linkType: hard

"rest@workspace:ui/component/rest":
  version: 0.0.0-use.local
  resolution: "rest@workspace:ui/component/rest"
  dependencies:
    "@openremote/model": "npm:^1.2.0-snapshot"
    "@openremote/rest": "npm:^1.2.0-snapshot"
    "@openremote/util": "npm:^1.2.0-snapshot"
    "@types/qs": "npm:^6.9.7"
    axios: "npm:0.24.0"
    qs: "npm:^6.8.0"
  languageName: unknown
  linkType: soft

"root-workspace-0b6124@workspace:.":
  version: 0.0.0-use.local
  resolution: "root-workspace-0b6124@workspace:."
  dependencies:
    "@openremote/util": "npm:^1.2.0-snapshot"
  languageName: unknown
  linkType: soft

"set-function-length@npm:^1.2.1":
  version: 1.2.2
  resolution: "set-function-length@npm:1.2.2"
  dependencies:
    define-data-property: "npm:^1.1.4"
    es-errors: "npm:^1.3.0"
    function-bind: "npm:^1.1.2"
    get-intrinsic: "npm:^1.2.4"
    gopd: "npm:^1.0.1"
    has-property-descriptors: "npm:^1.0.2"
  checksum: 10/505d62b8e088468917ca4e3f8f39d0e29f9a563b97dbebf92f4bd2c3172ccfb3c5b8e4566d5fcd00784a00433900e7cb8fbc404e2dbd8c3818ba05bb9d4a8a6d
  languageName: node
  linkType: hard

"side-channel@npm:^1.0.6":
  version: 1.0.6
  resolution: "side-channel@npm:1.0.6"
  dependencies:
    call-bind: "npm:^1.0.7"
    es-errors: "npm:^1.3.0"
    get-intrinsic: "npm:^1.2.4"
    object-inspect: "npm:^1.13.1"
  checksum: 10/eb10944f38cebad8ad643dd02657592fa41273ce15b8bfa928d3291aff2d30c20ff777cfe908f76ccc4551ace2d1245822fdc576657cce40e9066c638ca8fa4d
  languageName: node
  linkType: hard
